// !$*UTF8*$!
{
	archiveVersion = 1;
	classes = {
	};
	objectVersion = 46;
	objects = {

/* Begin PBXBuildFile section */
		FC12FCE31F2F2C7F0012B633 /* main.m in Sources */ = {isa = PBXBuildFile; fileRef = FC12FCE21F2F2C7F0012B633 /* main.m */; };
		FC12FCE61F2F2C7F0012B633 /* AppDelegate.m in Sources */ = {isa = PBXBuildFile; fileRef = FC12FCE51F2F2C7F0012B633 /* AppDelegate.m */; };
		FC12FCE91F2F2C7F0012B633 /* ViewController.m in Sources */ = {isa = PBXBuildFile; fileRef = FC12FCE81F2F2C7F0012B633 /* ViewController.m */; };
		FC12FCEC1F2F2C7F0012B633 /* Main.storyboard in Resources */ = {isa = PBXBuildFile; fileRef = FC12FCEA1F2F2C7F0012B633 /* Main.storyboard */; };
		FC12FCEE1F2F2C7F0012B633 /* Assets.xcassets in Resources */ = {isa = PBXBuildFile; fileRef = FC12FCED1F2F2C7F0012B633 /* Assets.xcassets */; };
		FC12FCF11F2F2C7F0012B633 /* LaunchScreen.storyboard in Resources */ = {isa = PBXBuildFile; fileRef = FC12FCEF1F2F2C7F0012B633 /* LaunchScreen.storyboard */; };
		FC12FD111F2F2C970012B633 /* NSDictionary+SDCategory.m in Sources */ = {isa = PBXBuildFile; fileRef = FC12FCFB1F2F2C970012B633 /* NSDictionary+SDCategory.m */; };
		FC12FD121F2F2C970012B633 /* NSString+SDCategory.m in Sources */ = {isa = PBXBuildFile; fileRef = FC12FCFD1F2F2C970012B633 /* NSString+SDCategory.m */; };
		FC12FD131F2F2C970012B633 /* UIImageView+SDCategory.m in Sources */ = {isa = PBXBuildFile; fileRef = FC12FCFF1F2F2C970012B633 /* UIImageView+SDCategory.m */; };
		FC12FD141F2F2C970012B633 /* UITableView+SDCategory.m in Sources */ = {isa = PBXBuildFile; fileRef = FC12FD011F2F2C970012B633 /* UITableView+SDCategory.m */; };
		FC12FD151F2F2C970012B633 /* UIView+SDCategory.m in Sources */ = {isa = PBXBuildFile; fileRef = FC12FD031F2F2C970012B633 /* UIView+SDCategory.m */; };
		FC12FD161F2F2C970012B633 /* UIWebView+SDCategory.m in Sources */ = {isa = PBXBuildFile; fileRef = FC12FD051F2F2C970012B633 /* UIWebView+SDCategory.m */; };
/* End PBXBuildFile section */

/* Begin PBXFileReference section */
		FC12FCDE1F2F2C7F0012B633 /* SDCategory.app */ = {isa = PBXFileReference; explicitFileType = wrapper.application; includeInIndex = 0; path = SDCategory.app; sourceTree = BUILT_PRODUCTS_DIR; };
		FC12FCE21F2F2C7F0012B633 /* main.m */ = {isa = PBXFileReference; lastKnownFileType = sourcecode.c.objc; path = main.m; sourceTree = "<group>"; };
		FC12FCE41F2F2C7F0012B633 /* AppDelegate.h */ = {isa = PBXFileReference; lastKnownFileType = sourcecode.c.h; path = AppDelegate.h; sourceTree = "<group>"; };
		FC12FCE51F2F2C7F0012B633 /* AppDelegate.m */ = {isa = PBXFileReference; lastKnownFileType = sourcecode.c.objc; path = AppDelegate.m; sourceTree = "<group>"; };
		FC12FCE71F2F2C7F0012B633 /* ViewController.h */ = {isa = PBXFileReference; lastKnownFileType = sourcecode.c.h; path = ViewController.h; sourceTree = "<group>"; };
		FC12FCE81F2F2C7F0012B633 /* ViewController.m */ = {isa = PBXFileReference; lastKnownFileType = sourcecode.c.objc; path = ViewController.m; sourceTree = "<group>"; };
		FC12FCEB1F2F2C7F0012B633 /* Base */ = {isa = PBXFileReference; lastKnownFileType = file.storyboard; name = Base; path = Base.lproj/Main.storyboard; sourceTree = "<group>"; };
		FC12FCED1F2F2C7F0012B633 /* Assets.xcassets */ = {isa = PBXFileReference; lastKnownFileType = folder.assetcatalog; path = Assets.xcassets; sourceTree = "<group>"; };
		FC12FCF01F2F2C7F0012B633 /* Base */ = {isa = PBXFileReference; lastKnownFileType = file.storyboard; name = Base; path = Base.lproj/LaunchScreen.storyboard; sourceTree = "<group>"; };
		FC12FCF21F2F2C7F0012B633 /* Info.plist */ = {isa = PBXFileReference; lastKnownFileType = text.plist.xml; path = Info.plist; sourceTree = "<group>"; };
		FC12FCF91F2F2C970012B633 /* HeadSDCategory.h */ = {isa = PBXFileReference; fileEncoding = 4; lastKnownFileType = sourcecode.c.h; path = HeadSDCategory.h; sourceTree = "<group>"; };
		FC12FCFA1F2F2C970012B633 /* NSDictionary+SDCategory.h */ = {isa = PBXFileReference; fileEncoding = 4; lastKnownFileType = sourcecode.c.h; path = "NSDictionary+SDCategory.h"; sourceTree = "<group>"; };
		FC12FCFB1F2F2C970012B633 /* NSDictionary+SDCategory.m */ = {isa = PBXFileReference; fileEncoding = 4; lastKnownFileType = sourcecode.c.objc; path = "NSDictionary+SDCategory.m"; sourceTree = "<group>"; };
		FC12FCFC1F2F2C970012B633 /* NSString+SDCategory.h */ = {isa = PBXFileReference; fileEncoding = 4; lastKnownFileType = sourcecode.c.h; path = "NSString+SDCategory.h"; sourceTree = "<group>"; };
		FC12FCFD1F2F2C970012B633 /* NSString+SDCategory.m */ = {isa = PBXFileReference; fileEncoding = 4; lastKnownFileType = sourcecode.c.objc; path = "NSString+SDCategory.m"; sourceTree = "<group>"; };
		FC12FCFE1F2F2C970012B633 /* UIImageView+SDCategory.h */ = {isa = PBXFileReference; fileEncoding = 4; lastKnownFileType = sourcecode.c.h; path = "UIImageView+SDCategory.h"; sourceTree = "<group>"; };
		FC12FCFF1F2F2C970012B633 /* UIImageView+SDCategory.m */ = {isa = PBXFileReference; fileEncoding = 4; lastKnownFileType = sourcecode.c.objc; path = "UIImageView+SDCategory.m"; sourceTree = "<group>"; };
		FC12FD001F2F2C970012B633 /* UITableView+SDCategory.h */ = {isa = PBXFileReference; fileEncoding = 4; lastKnownFileType = sourcecode.c.h; path = "UITableView+SDCategory.h"; sourceTree = "<group>"; };
		FC12FD011F2F2C970012B633 /* UITableView+SDCategory.m */ = {isa = PBXFileReference; fileEncoding = 4; lastKnownFileType = sourcecode.c.objc; path = "UITableView+SDCategory.m"; sourceTree = "<group>"; };
		FC12FD021F2F2C970012B633 /* UIView+SDCategory.h */ = {isa = PBXFileReference; fileEncoding = 4; lastKnownFileType = sourcecode.c.h; path = "UIView+SDCategory.h"; sourceTree = "<group>"; };
		FC12FD031F2F2C970012B633 /* UIView+SDCategory.m */ = {isa = PBXFileReference; fileEncoding = 4; lastKnownFileType = sourcecode.c.objc; path = "UIView+SDCategory.m"; sourceTree = "<group>"; };
		FC12FD041F2F2C970012B633 /* UIWebView+SDCategory.h */ = {isa = PBXFileReference; fileEncoding = 4; lastKnownFileType = sourcecode.c.h; path = "UIWebView+SDCategory.h"; sourceTree = "<group>"; };
		FC12FD051F2F2C970012B633 /* UIWebView+SDCategory.m */ = {isa = PBXFileReference; fileEncoding = 4; lastKnownFileType = sourcecode.c.objc; path = "UIWebView+SDCategory.m"; sourceTree = "<group>"; };
		FC12FD071F2F2C970012B633 /* BusinessConstant.h */ = {isa = PBXFileReference; fileEncoding = 4; lastKnownFileType = sourcecode.c.h; path = BusinessConstant.h; sourceTree = "<group>"; };
		FC12FD081F2F2C970012B633 /* CommonConstant.h */ = {isa = PBXFileReference; fileEncoding = 4; lastKnownFileType = sourcecode.c.h; path = CommonConstant.h; sourceTree = "<group>"; };
		FC12FD091F2F2C970012B633 /* DefineConstant.h */ = {isa = PBXFileReference; fileEncoding = 4; lastKnownFileType = sourcecode.c.h; path = DefineConstant.h; sourceTree = "<group>"; };
		FC12FD0A1F2F2C970012B633 /* HeadConstant.h */ = {isa = PBXFileReference; fileEncoding = 4; lastKnownFileType = sourcecode.c.h; path = HeadConstant.h; sourceTree = "<group>"; };
		FC12FD0B1F2F2C970012B633 /* NotifyConstant.h */ = {isa = PBXFileReference; fileEncoding = 4; lastKnownFileType = sourcecode.c.h; path = NotifyConstant.h; sourceTree = "<group>"; };
		FC12FD0C1F2F2C970012B633 /* OnLineConfigConstant.h */ = {isa = PBXFileReference; fileEncoding = 4; lastKnownFileType = sourcecode.c.h; path = OnLineConfigConstant.h; sourceTree = "<group>"; };
		FC12FD0D1F2F2C970012B633 /* StoreConstant.h */ = {isa = PBXFileReference; fileEncoding = 4; lastKnownFileType = sourcecode.c.h; path = StoreConstant.h; sourceTree = "<group>"; };
		FC12FD0E1F2F2C970012B633 /* SystemConstant.h */ = {isa = PBXFileReference; fileEncoding = 4; lastKnownFileType = sourcecode.c.h; path = SystemConstant.h; sourceTree = "<group>"; };
		FC12FD0F1F2F2C970012B633 /* TypeConstant.h */ = {isa = PBXFileReference; fileEncoding = 4; lastKnownFileType = sourcecode.c.h; path = TypeConstant.h; sourceTree = "<group>"; };
		FC12FD101F2F2C970012B633 /* WebConstant.h */ = {isa = PBXFileReference; fileEncoding = 4; lastKnownFileType = sourcecode.c.h; path = WebConstant.h; sourceTree = "<group>"; };
/* End PBXFileReference section */

/* Begin PBXFrameworksBuildPhase section */
		FC12FCDB1F2F2C7F0012B633 /* Frameworks */ = {
			isa = PBXFrameworksBuildPhase;
			buildActionMask = 2147483647;
			files = (
			);
			runOnlyForDeploymentPostprocessing = 0;
		};
/* End PBXFrameworksBuildPhase section */

/* Begin PBXGroup section */
		FC12FCD51F2F2C7F0012B633 = {
			isa = PBXGroup;
			children = (
				FC12FCE01F2F2C7F0012B633 /* SDCategory */,
				FC12FCDF1F2F2C7F0012B633 /* Products */,
			);
			sourceTree = "<group>";
		};
		FC12FCDF1F2F2C7F0012B633 /* Products */ = {
			isa = PBXGroup;
			children = (
				FC12FCDE1F2F2C7F0012B633 /* SDCategory.app */,
			);
			name = Products;
			sourceTree = "<group>";
		};
		FC12FCE01F2F2C7F0012B633 /* SDCategory */ = {
			isa = PBXGroup;
			children = (
				FC12FCF81F2F2C970012B633 /* Category */,
				FC12FD061F2F2C970012B633 /* Macro */,
				FC12FCE41F2F2C7F0012B633 /* AppDelegate.h */,
				FC12FCE51F2F2C7F0012B633 /* AppDelegate.m */,
				FC12FCE71F2F2C7F0012B633 /* ViewController.h */,
				FC12FCE81F2F2C7F0012B633 /* ViewController.m */,
				FC12FCEA1F2F2C7F0012B633 /* Main.storyboard */,
				FC12FCED1F2F2C7F0012B633 /* Assets.xcassets */,
				FC12FCEF1F2F2C7F0012B633 /* LaunchScreen.storyboard */,
				FC12FCF21F2F2C7F0012B633 /* Info.plist */,
				FC12FCE11F2F2C7F0012B633 /* Supporting Files */,
			);
			path = SDCategory;
			sourceTree = "<group>";
		};
		FC12FCE11F2F2C7F0012B633 /* Supporting Files */ = {
			isa = PBXGroup;
			children = (
				FC12FCE21F2F2C7F0012B633 /* main.m */,
			);
			name = "Supporting Files";
			sourceTree = "<group>";
		};
		FC12FCF81F2F2C970012B633 /* Category */ = {
			isa = PBXGroup;
			children = (
				FC12FCF91F2F2C970012B633 /* HeadSDCategory.h */,
				FC12FCFA1F2F2C970012B633 /* NSDictionary+SDCategory.h */,
				FC12FCFB1F2F2C970012B633 /* NSDictionary+SDCategory.m */,
				FC12FCFC1F2F2C970012B633 /* NSString+SDCategory.h */,
				FC12FCFD1F2F2C970012B633 /* NSString+SDCategory.m */,
				FC12FCFE1F2F2C970012B633 /* UIImageView+SDCategory.h */,
				FC12FCFF1F2F2C970012B633 /* UIImageView+SDCategory.m */,
				FC12FD001F2F2C970012B633 /* UITableView+SDCategory.h */,
				FC12FD011F2F2C970012B633 /* UITableView+SDCategory.m */,
				FC12FD021F2F2C970012B633 /* UIView+SDCategory.h */,
				FC12FD031F2F2C970012B633 /* UIView+SDCategory.m */,
				FC12FD041F2F2C970012B633 /* UIWebView+SDCategory.h */,
				FC12FD051F2F2C970012B633 /* UIWebView+SDCategory.m */,
			);
			path = Category;
			sourceTree = "<group>";
		};
		FC12FD061F2F2C970012B633 /* Macro */ = {
			isa = PBXGroup;
			children = (
				FC12FD071F2F2C970012B633 /* BusinessConstant.h */,
				FC12FD081F2F2C970012B633 /* CommonConstant.h */,
				FC12FD091F2F2C970012B633 /* DefineConstant.h */,
				FC12FD0A1F2F2C970012B633 /* HeadConstant.h */,
				FC12FD0B1F2F2C970012B633 /* NotifyConstant.h */,
				FC12FD0C1F2F2C970012B633 /* OnLineConfigConstant.h */,
				FC12FD0D1F2F2C970012B633 /* StoreConstant.h */,
				FC12FD0E1F2F2C970012B633 /* SystemConstant.h */,
				FC12FD0F1F2F2C970012B633 /* TypeConstant.h */,
				FC12FD101F2F2C970012B633 /* WebConstant.h */,
			);
			path = Macro;
			sourceTree = "<group>";
		};
/* End PBXGroup section */

/* Begin PBXNativeTarget section */
		FC12FCDD1F2F2C7F0012B633 /* SDCategory */ = {
			isa = PBXNativeTarget;
			buildConfigurationList = FC12FCF51F2F2C7F0012B633 /* Build configuration list for PBXNativeTarget "SDCategory" */;
			buildPhases = (
				FC12FCDA1F2F2C7F0012B633 /* Sources */,
				FC12FCDB1F2F2C7F0012B633 /* Frameworks */,
				FC12FCDC1F2F2C7F0012B633 /* Resources */,
			);
			buildRules = (
			);
			dependencies = (
			);
			name = SDCategory;
			productName = SDCategory;
			productReference = FC12FCDE1F2F2C7F0012B633 /* SDCategory.app */;
			productType = "com.apple.product-type.application";
		};
/* End PBXNativeTarget section */

/* Begin PBXProject section */
		FC12FCD61F2F2C7F0012B633 /* Project object */ = {
			isa = PBXProject;
			attributes = {
				LastUpgradeCheck = 0830;
				ORGANIZATIONNAME = suzq;
				TargetAttributes = {
					FC12FCDD1F2F2C7F0012B633 = {
						CreatedOnToolsVersion = 8.3.3;
						ProvisioningStyle = Automatic;
					};
				};
			};
			buildConfigurationList = FC12FCD91F2F2C7F0012B633 /* Build configuration list for PBXProject "SDCategory" */;
			compatibilityVersion = "Xcode 3.2";
			developmentRegion = English;
			hasScannedForEncodings = 0;
			knownRegions = (
				en,
				Base,
			);
			mainGroup = FC12FCD51F2F2C7F0012B633;
			productRefGroup = FC12FCDF1F2F2C7F0012B633 /* Products */;
			projectDirPath = "";
			projectRoot = "";
			targets = (
				FC12FCDD1F2F2C7F0012B633 /* SDCategory */,
			);
		};
/* End PBXProject section */

/* Begin PBXResourcesBuildPhase section */
		FC12FCDC1F2F2C7F0012B633 /* Resources */ = {
			isa = PBXResourcesBuildPhase;
			buildActionMask = 2147483647;
			files = (
				FC12FCF11F2F2C7F0012B633 /* LaunchScreen.storyboard in Resources */,
				FC12FCEE1F2F2C7F0012B633 /* Assets.xcassets in Resources */,
				FC12FCEC1F2F2C7F0012B633 /* Main.storyboard in Resources */,
			);
			runOnlyForDeploymentPostprocessing = 0;
		};
/* End PBXResourcesBuildPhase section */

/* Begin PBXSourcesBuildPhase section */
		FC12FCDA1F2F2C7F0012B633 /* Sources */ = {
			isa = PBXSourcesBuildPhase;
			buildActionMask = 2147483647;
			files = (
				FC12FD141F2F2C970012B633 /* UITableView+SDCategory.m in Sources */,
				FC12FCE91F2F2C7F0012B633 /* ViewController.m in Sources */,
				FC12FD161F2F2C970012B633 /* UIWebView+SDCategory.m in Sources */,
				FC12FCE61F2F2C7F0012B633 /* AppDelegate.m in Sources */,
				FC12FD121F2F2C970012B633 /* NSString+SDCategory.m in Sources */,
				FC12FD131F2F2C970012B633 /* UIImageView+SDCategory.m in Sources */,
				FC12FCE31F2F2C7F0012B633 /* main.m in Sources */,
				FC12FD111F2F2C970012B633 /* NSDictionary+SDCategory.m in Sources */,
				FC12FD151F2F2C970012B633 /* UIView+SDCategory.m in Sources */,
			);
			runOnlyForDeploymentPostprocessing = 0;
		};
/* End PBXSourcesBuildPhase section */

/* Begin PBXVariantGroup section */
		FC12FCEA1F2F2C7F0012B633 /* Main.storyboard */ = {
			isa = PBXVariantGroup;
			children = (
				FC12FCEB1F2F2C7F0012B633 /* Base */,
			);
			name = Main.storyboard;
			sourceTree = "<group>";
		};
		FC12FCEF1F2F2C7F0012B633 /* LaunchScreen.storyboard */ = {
			isa = PBXVariantGroup;
			children = (
				FC12FCF01F2F2C7F0012B633 /* Base */,
			);
			name = LaunchScreen.storyboard;
			sourceTree = "<group>";
		};
/* End PBXVariantGroup section */

/* Begin XCBuildConfiguration section */
		FC12FCF31F2F2C7F0012B633 /* Debug */ = {
			isa = XCBuildConfiguration;
			buildSettings = {
				ALWAYS_SEARCH_USER_PATHS = NO;
				CLANG_ANALYZER_NONNULL = YES;
				CLANG_ANALYZER_NUMBER_OBJECT_CONVERSION = YES_AGGRESSIVE;
				CLANG_CXX_LANGUAGE_STANDARD = "gnu++0x";
				CLANG_CXX_LIBRARY = "libc++";
				CLANG_ENABLE_MODULES = YES;
				CLANG_ENABLE_OBJC_ARC = YES;
				CLANG_WARN_BOOL_CONVERSION = YES;
				CLANG_WARN_CONSTANT_CONVERSION = YES;
				CLANG_WARN_DIRECT_OBJC_ISA_USAGE = YES_ERROR;
				CLANG_WARN_DOCUMENTATION_COMMENTS = YES;
				CLANG_WARN_EMPTY_BODY = YES;
				CLANG_WARN_ENUM_CONVERSION = YES;
				CLANG_WARN_INFINITE_RECURSION = YES;
				CLANG_WARN_INT_CONVERSION = YES;
				CLANG_WARN_OBJC_ROOT_CLASS = YES_ERROR;
				CLANG_WARN_SUSPICIOUS_MOVE = YES;
				CLANG_WARN_UNREACHABLE_CODE = YES;
				CLANG_WARN__DUPLICATE_METHOD_MATCH = YES;
				"CODE_SIGN_IDENTITY[sdk=iphoneos*]" = "iPhone Developer";
				COPY_PHASE_STRIP = NO;
				DEBUG_INFORMATION_FORMAT = dwarf;
				ENABLE_STRICT_OBJC_MSGSEND = YES;
				ENABLE_TESTABILITY = YES;
				GCC_C_LANGUAGE_STANDARD = gnu99;
				GCC_DYNAMIC_NO_PIC = NO;
				GCC_NO_COMMON_BLOCKS = YES;
				GCC_OPTIMIZATION_LEVEL = 0;
				GCC_PREPROCESSOR_DEFINITIONS = (
					"DEBUG=1",
					"$(inherited)",
				);
				GCC_WARN_64_TO_32_BIT_CONVERSION = YES;
				GCC_WARN_ABOUT_RETURN_TYPE = YES_ERROR;
				GCC_WARN_UNDECLARED_SELECTOR = YES;
				GCC_WARN_UNINITIALIZED_AUTOS = YES_AGGRESSIVE;
				GCC_WARN_UNUSED_FUNCTION = YES;
				GCC_WARN_UNUSED_VARIABLE = YES;
				IPHONEOS_DEPLOYMENT_TARGET = 10.3;
				MTL_ENABLE_DEBUG_INFO = YES;
				ONLY_ACTIVE_ARCH = YES;
				SDKROOT = iphoneos;
			};
			name = Debug;
		};
		FC12FCF41F2F2C7F0012B633 /* Release */ = {
			isa = XCBuildConfiguration;
			buildSettings = {
				ALWAYS_SEARCH_USER_PATHS = NO;
				CLANG_ANALYZER_NONNULL = YES;
				CLANG_ANALYZER_NUMBER_OBJECT_CONVERSION = YES_AGGRESSIVE;
				CLANG_CXX_LANGUAGE_STANDARD = "gnu++0x";
				CLANG_CXX_LIBRARY = "libc++";
				CLANG_ENABLE_MODULES = YES;
				CLANG_ENABLE_OBJC_ARC = YES;
				CLANG_WARN_BOOL_CONVERSION = YES;
				CLANG_WARN_CONSTANT_CONVERSION = YES;
				CLANG_WARN_DIRECT_OBJC_ISA_USAGE = YES_ERROR;
				CLANG_WARN_DOCUMENTATION_COMMENTS = YES;
				CLANG_WARN_EMPTY_BODY = YES;
				CLANG_WARN_ENUM_CONVERSION = YES;
				CLANG_WARN_INFINITE_RECURSION = YES;
				CLANG_WARN_INT_CONVERSION = YES;
				CLANG_WARN_OBJC_ROOT_CLASS = YES_ERROR;
				CLANG_WARN_SUSPICIOUS_MOVE = YES;
				CLANG_WARN_UNREACHABLE_CODE = YES;
				CLANG_WARN__DUPLICATE_METHOD_MATCH = YES;
				"CODE_SIGN_IDENTITY[sdk=iphoneos*]" = "iPhone Developer";
				COPY_PHASE_STRIP = NO;
				DEBUG_INFORMATION_FORMAT = "dwarf-with-dsym";
				ENABLE_NS_ASSERTIONS = NO;
				ENABLE_STRICT_OBJC_MSGSEND = YES;
				GCC_C_LANGUAGE_STANDARD = gnu99;
				GCC_NO_COMMON_BLOCKS = YES;
				GCC_WARN_64_TO_32_BIT_CONVERSION = YES;
				GCC_WARN_ABOUT_RETURN_TYPE = YES_ERROR;
				GCC_WARN_UNDECLARED_SELECTOR = YES;
				GCC_WARN_UNINITIALIZED_AUTOS = YES_AGGRESSIVE;
				GCC_WARN_UNUSED_FUNCTION = YES;
				GCC_WARN_UNUSED_VARIABLE = YES;
				IPHONEOS_DEPLOYMENT_TARGET = 10.3;
				MTL_ENABLE_DEBUG_INFO = NO;
				SDKROOT = iphoneos;
				VALIDATE_PRODUCT = YES;
			};
			name = Release;
		};
		FC12FCF61F2F2C7F0012B633 /* Debug */ = {
			isa = XCBuildConfiguration;
			buildSettings = {
				ASSETCATALOG_COMPILER_APPICON_NAME = AppIcon;
				INFOPLIST_FILE = SDCategory/Info.plist;
				LD_RUNPATH_SEARCH_PATHS = "$(inherited) @executable_path/Frameworks";
				PRODUCT_BUNDLE_IDENTIFIER = com.sd.SDCategory;
				PRODUCT_NAME = "$(TARGET_NAME)";
			};
			name = Debug;
		};
		FC12FCF71F2F2C7F0012B633 /* Release */ = {
			isa = XCBuildConfiguration;
			buildSettings = {
				ASSETCATALOG_COMPILER_APPICON_NAME = AppIcon;
				INFOPLIST_FILE = SDCategory/Info.plist;
				LD_RUNPATH_SEARCH_PATHS = "$(inherited) @executable_path/Frameworks";
				PRODUCT_BUNDLE_IDENTIFIER = com.sd.SDCategory;
				PRODUCT_NAME = "$(TARGET_NAME)";
			};
			name = Release;
		};
/* End XCBuildConfiguration section */

/* Begin XCConfigurationList section */
		FC12FCD91F2F2C7F0012B633 /* Build configuration list for PBXProject "SDCategory" */ = {
			isa = XCConfigurationList;
			buildConfigurations = (
				FC12FCF31F2F2C7F0012B633 /* Debug */,
				FC12FCF41F2F2C7F0012B633 /* Release */,
			);
			defaultConfigurationIsVisible = 0;
			defaultConfigurationName = Release;
		};
		FC12FCF51F2F2C7F0012B633 /* Build configuration list for PBXNativeTarget "SDCategory" */ = {
			isa = XCConfigurationList;
			buildConfigurations = (
				FC12FCF61F2F2C7F0012B633 /* Debug */,
				FC12FCF71F2F2C7F0012B633 /* Release */,
			);
			defaultConfigurationIsVisible = 0;
		};
/* End XCConfigurationList section */
	};
	rootObject = FC12FCD61F2F2C7F0012B633 /* Project object */;
}
